
Microsoft Visual Studio Solution File, Format Version 12.00
# Visual Studio Version 17
VisualStudioVersion = 17.6.33829.357
MinimumVisualStudioVersion = 10.0.40219.1
Project("{FAE04EC0-301F-11D3-BF4B-00C04F79EFBC}") = "DynamoXMLToJSON", "DynamoXMLToJSON.csproj", "{9D617AD5-E258-470F-A460-2BB7A56F5CB7}"
EndProject
Global
	GlobalSection(SolutionConfigurationPlatforms) = preSolution
		Debug|Any CPU = Debug|Any CPU
		Release|Any CPU = Release|Any CPU
	EndGlobalSection
	GlobalSection(ProjectConfigurationPlatforms) = postSolution
		{9D617AD5-E258-470F-A460-2BB7A56F5CB7}.Debug|Any CPU.ActiveCfg = Debug|Any CPU
		{9D617AD5-E258-470F-A460-2BB7A56F5CB7}.Debug|Any CPU.Build.0 = Debug|Any CPU
		{9D617AD5-E258-470F-A460-2BB7A56F5CB7}.Release|Any CPU.ActiveCfg = Release|Any CPU
		{9D617AD5-E258-470F-A460-2BB7A56F5CB7}.Release|Any CPU.Build.0 = Release|Any CPU
	EndGlobalSection
	GlobalSection(SolutionProperties) = preSolution
		HideSolutionNode = FALSE
	EndGlobalSection
	GlobalSection(ExtensibilityGlobals) = postSolution
		SolutionGuid = {54E9FA34-218D-414A-A1C7-F82F41C8E136}
	EndGlobalSection
EndGlobal
